
Microsoft Visual Studio Solution File, Format Version 12.00
# Visual Studio Version 17
VisualStudioVersion = 17.14.36908.2 d17.14
MinimumVisualStudioVersion = 10.0.40219.1
Project("{FAE04EC0-301F-11D3-BF4B-00C04F79EFBC}") = "Mockup_Music_Station", "Mockup_Music_Station.csproj", "{1E01F414-DE26-449E-901C-21F0A34F9B90}"
EndProject
Global
	GlobalSection(SolutionConfigurationPlatforms) = preSolution
		Debug|Any CPU = Debug|Any CPU
		Release|Any CPU = Release|Any CPU
	EndGlobalSection
	GlobalSection(ProjectConfigurationPlatforms) = postSolution
		{1E01F414-DE26-449E-901C-21F0A34F9B90}.Debug|Any CPU.ActiveCfg = Debug|Any CPU
		{1E01F414-DE26-449E-901C-21F0A34F9B90}.Debug|Any CPU.Build.0 = Debug|Any CPU
		{1E01F414-DE26-449E-901C-21F0A34F9B90}.Release|Any CPU.ActiveCfg = Release|Any CPU
		{1E01F414-DE26-449E-901C-21F0A34F9B90}.Release|Any CPU.Build.0 = Release|Any CPU
	EndGlobalSection
	GlobalSection(SolutionProperties) = preSolution
		HideSolutionNode = FALSE
	EndGlobalSection
	GlobalSection(ExtensibilityGlobals) = postSolution
		SolutionGuid = {13A34A37-E67C-47BC-A366-FBD1A080FDB8}
	EndGlobalSection
EndGlobal
